lockfileVersion: '9.0'

settings:
  autoInstallPeers: true
  excludeLinksFromLockfile: false

importers:

  .:
    devDependencies:
      '@trivago/prettier-plugin-sort-imports':
        specifier: ^6.0.2
        version: 6.0.2(prettier@3.9.1)
      prettier:
        specifier: ^3.9.1
        version: 3.9.1
      prettier-plugin-tailwindcss:
        specifier: ^0.8.0
        version: 0.8.0(@trivago/prettier-plugin-sort-imports@6.0.2(prettier@3.9.1))(prettier@3.9.1)
      typescript:
        specifier: ^6.0.3
        version: 6.0.3

packages:

  '@babel/code-frame@7.29.7':
    resolution: {integrity: sha512-Aup7aUOfpbAUg2ROOJN6Iw5f9DMBlzu0mIkm/malLQFN/YQgO48wCj0Kxa3sEHJvPVFg7siR+qRInwXd2qhQKw==}
    engines: {node: '>=6.9.0'}

  '@babel/generator@7.29.7':
    resolution: {integrity: sha512-DkXD5OJQaAQIdZ1bt3UZdEnHAn9Imd3IVBdX03UFe+ony9Ojw5pzr9YVKGDY1jt+Gcn/FnGkNf8r+Vj5NOJWtQ==}
    engines: {node: '>=6.9.0'}

  '@babel/helper-globals@7.29.7':
    resolution: {integrity: sha512-3nQVUAtvkKH9zahfWgw96Jc/uFOmjACE1kQz82E2lqWmHBgjzbNlsC22nuQTfahmWeQtTq5nQ/4Nnd2A1wj4zA==}
    engines: {node: '>=6.9.0'}

  '@babel/helper-string-parser@7.29.7':
    resolution: {integrity: sha512-Pb5ijPrZ89GDH8223L4UP8i6QApWxs04RbPQJTeWDV0/keR2E36MeKnyr6LYmUUvqRRI+Iv87SuF1W6ErINzYw==}
    engines: {node: '>=6.9.0'}

  '@babel/helper-validator-identifier@7.29.7':
    resolution: {integrity: sha512-qehxGkRj55h/ff8EMaJ+cYhyaKlHIxqYDn682wQD7RNp9UujOQsHog2uS0r2vzr4pW+sXf90NeeayjcNaX3fFg==}
    engines: {node: '>=6.9.0'}

  '@babel/parser@7.29.7':
    resolution: {integrity: sha512-hnORnjP/1P/zFEndoeX+n+t1RwWRJiJpM/jO7FW32Kn9r5+sJB2JWOdYo4L6k78j15eCwY3Gm/7364B1EMwtNg==}
    engines: {node: '>=6.0.0'}
    hasBin: true

  '@babel/template@7.29.7':
    resolution: {integrity: sha512-puq+Gf35oI24FeN11LkoUQFqv9uwNeWpxXZi/Ji3rRIoKAzKnxRaZ+Gkj0vKS9ZCiTESfng1N9LyOyXvo+m+Gg==}
    engines: {node: '>=6.9.0'}

  '@babel/traverse@7.29.7':
    resolution: {integrity: sha512-EhlfNQtZ+NK22w5BM61ciuiq1m58ed33Wr1Xan//ZRTy6hgjnwyCffRYwzsGXdASJSUJ1guZILsErh1eQcl+zw==}
    engines: {node: '>=6.9.0'}

  '@babel/types@7.29.7':
    resolution: {integrity: sha512-4zBIxpPzowiZpusoFkyGVwakdRJUyuH5PxQ/PrqghfdFWWasvnCdPfQXHrenDai+gyLARulZjZowCOj6fjT4pA==}
    engines: {node: '>=6.9.0'}

  '@jridgewell/gen-mapping@0.3.13':
    resolution: {integrity: sha512-2kkt/7niJ6MgEPxF0bYdQ6etZaA+fQvDcLKckhy1yIQOzaoKjBBjSj63/aLVjYE3qhRt5dvM+uUyfCg6UKCBbA==}

  '@jridgewell/resolve-uri@3.1.2':
    resolution: {integrity: sha512-bRISgCIjP20/tbWSPWMEi54QVPRZExkuD9lJL+UIxUKtwVJA8wW1Trb1jMs1RFXo1CBTNZ/5hpC9QvmKWdopKw==}
    engines: {node: '>=6.0.0'}

  '@jridgewell/sourcemap-codec@1.5.0':
    resolution: {integrity: sha512-gv3ZRaISU3fjPAgNsriBRqGWQL6quFx04YMPW/zD8XMLsU32mhCCbfbO6KZFLjvYpCZ8zyDEgqsgf+PwPaM7GQ==}

  '@jridgewell/trace-mapping@0.3.31':
    resolution: {integrity: sha512-zzNR+SdQSDJzc8joaeP8QQoCQr8NuYx2dIIytl1QeBEZHJ9uW6hebsrYgbz8hJwUQao3TWCMtmfV8Nu1twOLAw==}

  '@trivago/prettier-plugin-sort-imports@6.0.2':
    resolution: {integrity: sha512-3DgfkukFyC/sE/VuYjaUUWoFfuVjPK55vOFDsxD56XXynFMCZDYFogH2l/hDfOsQAm1myoU/1xByJ3tWqtulXA==}
    engines: {node: '>= 20'}
    peerDependencies:
      '@vue/compiler-sfc': 3.x
      prettier: 2.x - 3.x
      prettier-plugin-ember-template-tag: '>= 2.0.0'
      prettier-plugin-svelte: 3.x
      svelte: 4.x || 5.x
    peerDependenciesMeta:
      '@vue/compiler-sfc':
        optional: true
      prettier-plugin-ember-template-tag:
        optional: true
      prettier-plugin-svelte:
        optional: true
      svelte:
        optional: true

  balanced-match@1.0.2:
    resolution: {integrity: sha512-3oSeUO0TMV67hN1AmbXsK4yaqU7tjiHlbxRDZOpH0KW9+CeX4bRAaX0Anxt0tx2MrpRpWwQaPwIlISEJhYU5Pw==}

  brace-expansion@2.1.1:
    resolution: {integrity: sha512-WR1cURNjuvBLMZBMbqM0UoE+WAfdUcEV1ccD8PVBVOI+Z3ND4+SZbN8RsfT2bMuG1qwz5RFvPukSZm5fF2D5eA==}

  debug@4.3.6:
    resolution: {integrity: sha512-O/09Bd4Z1fBrU4VzkhFqVgpPzaGbw6Sm9FEkBT1A/YBXQFGuuSxa1dN2nxgxS34JmKXqYx8CZAwEVoJFImUXIg==}
    engines: {node: '>=6.0'}
    peerDependencies:
      supports-color: '*'
    peerDependenciesMeta:
      supports-color:
        optional: true

  javascript-natural-sort@0.7.1:
    resolution: {integrity: sha512-nO6jcEfZWQXDhOiBtG2KvKyEptz7RVbpGP4vTD2hLBdmNQSsCiicO2Ioinv6UI4y9ukqnBpy+XZ9H6uLNgJTlw==}

  js-tokens@4.0.0:
    resolution: {integrity: sha512-RdJUflcE3cUzKiMqQgsCu06FPu9UdIJO0beYbPhHN4k6apgJtifcoCtT9bcxOpYBtpD2kCM6Sbzg4CausW/PKQ==}

  jsesc@3.1.0:
    resolution: {integrity: sha512-/sM3dO2FOzXjKQhJuo0Q173wf2KOo8t4I8vHy6lF9poUp7bKT0/NHE8fPX23PwfhnykfqnC2xRxOnVw5XuGIaA==}
    engines: {node: '>=6'}
    hasBin: true

  lodash-es@4.18.1:
    resolution: {integrity: sha512-J8xewKD/Gk22OZbhpOVSwcs60zhd95ESDwezOFuA3/099925PdHJ7OFHNTGtajL3AlZkykD32HykiMo+BIBI8A==}

  minimatch@9.0.9:
    resolution: {integrity: sha512-OBwBN9AL4dqmETlpS2zasx+vTeWclWzkblfZk7KTA5j3jeOONz/tRCnZomUyvNg83wL5Zv9Ss6HMJXAgL8R2Yg==}
    engines: {node: '>=16 || 14 >=14.17'}

  ms@2.1.2:
    resolution: {integrity: sha512-sGkPx+VjMtmA6MX27oA4FBFELFCZZ4S4XqeGOXCv68tT+jb3vk/RyaKWP0PTKyWtmLSM0b+adUTEvbs1PEaH2w==}

  parse-imports-exports@0.2.4:
    resolution: {integrity: sha512-4s6vd6dx1AotCx/RCI2m7t7GCh5bDRUtGNvRfHSP2wbBQdMi67pPe7mtzmgwcaQ8VKK/6IB7Glfyu3qdZJPybQ==}

  parse-statements@1.0.11:
    resolution: {integrity: sha512-HlsyYdMBnbPQ9Jr/VgJ1YF4scnldvJpJxCVx6KgqPL4dxppsWrJHCIIxQXMJrqGnsRkNPATbeMJ8Yxu7JMsYcA==}

  picocolors@1.1.1:
    resolution: {integrity: sha512-xceH2snhtb5M9liqDsmEw56le376mTZkEX/jEb/RxNFyegNul7eNslCXP9FDj/Lcu0X8KEyMceP2ntpaHrDEVA==}

  prettier-plugin-tailwindcss@0.8.0:
    resolution: {integrity: sha512-V8ITGH87yuBDF6JpEZTOVlUz/saAwqb8f3HRgUj8Lh+tGCcrmorhsLpYqzygwFwK0PE2Ib6Mv3M7T/uE2tZV1g==}
    engines: {node: '>=20.19'}
    peerDependencies:
      '@ianvs/prettier-plugin-sort-imports': '*'
      '@prettier/plugin-hermes': '*'
      '@prettier/plugin-oxc': '*'
      '@prettier/plugin-pug': '*'
      '@shopify/prettier-plugin-liquid': '*'
      '@trivago/prettier-plugin-sort-imports': '*'
      '@zackad/prettier-plugin-twig': '*'
      prettier: ^3.0
      prettier-plugin-astro: '*'
      prettier-plugin-css-order: '*'
      prettier-plugin-jsdoc: '*'
      prettier-plugin-marko: '*'
      prettier-plugin-multiline-arrays: '*'
      prettier-plugin-organize-attributes: '*'
      prettier-plugin-organize-imports: '*'
      prettier-plugin-sort-imports: '*'
      prettier-plugin-svelte: '*'
    peerDependenciesMeta:
      '@ianvs/prettier-plugin-sort-imports':
        optional: true
      '@prettier/plugin-hermes':
        optional: true
      '@prettier/plugin-oxc':
        optional: true
      '@prettier/plugin-pug':
        optional: true
      '@shopify/prettier-plugin-liquid':
        optional: true
      '@trivago/prettier-plugin-sort-imports':
        optional: true
      '@zackad/prettier-plugin-twig':
        optional: true
      prettier-plugin-astro:
        optional: true
      prettier-plugin-css-order:
        optional: true
      prettier-plugin-jsdoc:
        optional: true
      prettier-plugin-marko:
        optional: true
      prettier-plugin-multiline-arrays:
        optional: true
      prettier-plugin-organize-attributes:
        optional: true
      prettier-plugin-organize-imports:
        optional: true
      prettier-plugin-sort-imports:
        optional: true
      prettier-plugin-svelte:
        optional: true

  prettier@3.9.1:
    resolution: {integrity: sha512-ppiDo2CSwexck1eyZUwJHg/N3nf1+6IRCv7W/VJ5vaLnVCmB7+3CdRfMwoCHBBX6xTrREDTksZ4OZl5SSf4zXA==}
    engines: {node: '>=14'}
    hasBin: true

  typescript@6.0.3:
    resolution: {integrity: sha512-y2TvuxSZPDyQakkFRPZHKFm+KKVqIisdg9/CZwm9ftvKXLP8NRWj38/ODjNbr43SsoXqNuAisEf1GdCxqWcdBw==}
    engines: {node: '>=14.17'}
    hasBin: true

snapshots:

  '@babel/code-frame@7.29.7':
    dependencies:
      '@babel/helper-validator-identifier': 7.29.7
      js-tokens: 4.0.0
      picocolors: 1.1.1

  '@babel/generator@7.29.7':
    dependencies:
      '@babel/parser': 7.29.7
      '@babel/types': 7.29.7
      '@jridgewell/gen-mapping': 0.3.13
      '@jridgewell/trace-mapping': 0.3.31
      jsesc: 3.1.0

  '@babel/helper-globals@7.29.7': {}

  '@babel/helper-string-parser@7.29.7': {}

  '@babel/helper-validator-identifier@7.29.7': {}

  '@babel/parser@7.29.7':
    dependencies:
      '@babel/types': 7.29.7

  '@babel/template@7.29.7':
    dependencies:
      '@babel/code-frame': 7.29.7
      '@babel/parser': 7.29.7
      '@babel/types': 7.29.7

  '@babel/traverse@7.29.7':
    dependencies:
      '@babel/code-frame': 7.29.7
      '@babel/generator': 7.29.7
      '@babel/helper-globals': 7.29.7
      '@babel/parser': 7.29.7
      '@babel/template': 7.29.7
      '@babel/types': 7.29.7
      debug: 4.3.6
    transitivePeerDependencies:
      - supports-color

  '@babel/types@7.29.7':
    dependencies:
      '@babel/helper-string-parser': 7.29.7
      '@babel/helper-validator-identifier': 7.29.7

  '@jridgewell/gen-mapping@0.3.13':
    dependencies:
      '@jridgewell/sourcemap-codec': 1.5.0
      '@jridgewell/trace-mapping': 0.3.31

  '@jridgewell/resolve-uri@3.1.2': {}

  '@jridgewell/sourcemap-codec@1.5.0': {}

  '@jridgewell/trace-mapping@0.3.31':
    dependencies:
      '@jridgewell/resolve-uri': 3.1.2
      '@jridgewell/sourcemap-codec': 1.5.0

  '@trivago/prettier-plugin-sort-imports@6.0.2(prettier@3.9.1)':
    dependencies:
      '@babel/generator': 7.29.7
      '@babel/parser': 7.29.7
      '@babel/traverse': 7.29.7
      '@babel/types': 7.29.7
      javascript-natural-sort: 0.7.1
      lodash-es: 4.18.1
      minimatch: 9.0.9
      parse-imports-exports: 0.2.4
      prettier: 3.9.1
    transitivePeerDependencies:
      - supports-color

  balanced-match@1.0.2: {}

  brace-expansion@2.1.1:
    dependencies:
      balanced-match: 1.0.2

  debug@4.3.6:
    dependencies:
      ms: 2.1.2

  javascript-natural-sort@0.7.1: {}

  js-tokens@4.0.0: {}

  jsesc@3.1.0: {}

  lodash-es@4.18.1: {}

  minimatch@9.0.9:
    dependencies:
      brace-expansion: 2.1.1

  ms@2.1.2: {}

  parse-imports-exports@0.2.4:
    dependencies:
      parse-statements: 1.0.11

  parse-statements@1.0.11: {}

  picocolors@1.1.1: {}

  prettier-plugin-tailwindcss@0.8.0(@trivago/prettier-plugin-sort-imports@6.0.2(prettier@3.9.1))(prettier@3.9.1):
    dependencies:
      prettier: 3.9.1
    optionalDependencies:
      '@trivago/prettier-plugin-sort-imports': 6.0.2(prettier@3.9.1)

  prettier@3.9.1: {}

  typescript@6.0.3: {}
